
Microsoft Visual Studio Solution File, Format Version 12.00
# Visual Studio Version 16
VisualStudioVersion = 16.0.30104.148
MinimumVisualStudioVersion = 10.0.40219.1
Project("{9A19103F-16F7-4668-BE54-9A1E7A4F7556}") = "Entities", "Entities\Entities.csproj", "{157C674E-0004-4BE7-846A-0D86711BC6F2}"
EndProject
Project("{9A19103F-16F7-4668-BE54-9A1E7A4F7556}") = "DataAccess", "DataAccess\DataAccess.csproj", "{10230945-97C8-4731-AB60-1D5571FD9022}"
EndProject
Project("{9A19103F-16F7-4668-BE54-9A1E7A4F7556}") = "Business", "Business\Business.csproj", "{538E0E1A-A68B-4B2D-B483-8F239CAEC446}"
EndProject
Project("{9A19103F-16F7-4668-BE54-9A1E7A4F7556}") = "ConsoleUI", "ConsoleUI\ConsoleUI.csproj", "{5F4EBF5E-DA44-4324-94CD-8AE555BCF52B}"
EndProject
Project("{9A19103F-16F7-4668-BE54-9A1E7A4F7556}") = "Core", "Core\Core.csproj", "{41C1AF49-6334-4AC2-BD3D-180B8EB3DE68}"
EndProject
Project("{FAE04EC0-301F-11D3-BF4B-00C04F79EFBC}") = "WebAPI", "WebAPI\WebAPI.csproj", "{23881986-5A2C-49B3-AB3D-C6B923BDEB5C}"
EndProject
Global
	GlobalSection(SolutionConfigurationPlatforms) = preSolution
		Debug|Any CPU = Debug|Any CPU
		Release|Any CPU = Release|Any CPU
	EndGlobalSection
	GlobalSection(ProjectConfigurationPlatforms) = postSolution
		{157C674E-0004-4BE7-846A-0D86711BC6F2}.Debug|Any CPU.ActiveCfg = Debug|Any CPU
		{157C674E-0004-4BE7-846A-0D86711BC6F2}.Debug|Any CPU.Build.0 = Debug|Any CPU
		{157C674E-0004-4BE7-846A-0D86711BC6F2}.Release|Any CPU.ActiveCfg = Release|Any CPU
		{157C674E-0004-4BE7-846A-0D86711BC6F2}.Release|Any CPU.Build.0 = Release|Any CPU
		{10230945-97C8-4731-AB60-1D5571FD9022}.Debug|Any CPU.ActiveCfg = Debug|Any CPU
		{10230945-97C8-4731-AB60-1D5571FD9022}.Debug|Any CPU.Build.0 = Debug|Any CPU
		{10230945-97C8-4731-AB60-1D5571FD9022}.Release|Any CPU.ActiveCfg = Release|Any CPU
		{10230945-97C8-4731-AB60-1D5571FD9022}.Release|Any CPU.Build.0 = Release|Any CPU
		{538E0E1A-A68B-4B2D-B483-8F239CAEC446}.Debug|Any CPU.ActiveCfg = Debug|Any CPU
		{538E0E1A-A68B-4B2D-B483-8F239CAEC446}.Debug|Any CPU.Build.0 = Debug|Any CPU
		{538E0E1A-A68B-4B2D-B483-8F239CAEC446}.Release|Any CPU.ActiveCfg = Release|Any CPU
		{538E0E1A-A68B-4B2D-B483-8F239CAEC446}.Release|Any CPU.Build.0 = Release|Any CPU
		{5F4EBF5E-DA44-4324-94CD-8AE555BCF52B}.Debug|Any CPU.ActiveCfg = Debug|Any CPU
		{5F4EBF5E-DA44-4324-94CD-8AE555BCF52B}.Debug|Any CPU.Build.0 = Debug|Any CPU
		{5F4EBF5E-DA44-4324-94CD-8AE555BCF52B}.Release|Any CPU.ActiveCfg = Release|Any CPU
		{5F4EBF5E-DA44-4324-94CD-8AE555BCF52B}.Release|Any CPU.Build.0 = Release|Any CPU
		{41C1AF49-6334-4AC2-BD3D-180B8EB3DE68}.Debug|Any CPU.ActiveCfg = Debug|Any CPU
		{41C1AF49-6334-4AC2-BD3D-180B8EB3DE68}.Debug|Any CPU.Build.0 = Debug|Any CPU
		{41C1AF49-6334-4AC2-BD3D-180B8EB3DE68}.Release|Any CPU.ActiveCfg = Release|Any CPU
		{41C1AF49-6334-4AC2-BD3D-180B8EB3DE68}.Release|Any CPU.Build.0 = Release|Any CPU
		{23881986-5A2C-49B3-AB3D-C6B923BDEB5C}.Debug|Any CPU.ActiveCfg = Debug|Any CPU
		{23881986-5A2C-49B3-AB3D-C6B923BDEB5C}.Debug|Any CPU.Build.0 = Debug|Any CPU
		{23881986-5A2C-49B3-AB3D-C6B923BDEB5C}.Release|Any CPU.ActiveCfg = Release|Any CPU
		{23881986-5A2C-49B3-AB3D-C6B923BDEB5C}.Release|Any CPU.Build.0 = Release|Any CPU
	EndGlobalSection
	GlobalSection(SolutionProperties) = preSolution
		HideSolutionNode = FALSE
	EndGlobalSection
	GlobalSection(ExtensibilityGlobals) = postSolution
		SolutionGuid = {5A80D0E5-73D0-4672-B737-2FB2A7E317EA}
	EndGlobalSection
EndGlobal
